
Microsoft Visual Studio Solution File, Format Version 12.00
Project("{FAE04EC0-301F-11D3-BF4B-00C04F79EFBC}") = "AdventOfCode", "AdventOfCode\AdventOfCode.csproj", "{D68AEEF0-5B58-486A-A5CE-8B94F829EBFA}"
EndProject
Global
	GlobalSection(SolutionConfigurationPlatforms) = preSolution
		Debug|Any CPU = Debug|Any CPU
		Release|Any CPU = Release|Any CPU
	EndGlobalSection
	GlobalSection(ProjectConfigurationPlatforms) = postSolution
		{D68AEEF0-5B58-486A-A5CE-8B94F829EBFA}.Debug|Any CPU.ActiveCfg = Debug|Any CPU
		{D68AEEF0-5B58-486A-A5CE-8B94F829EBFA}.Debug|Any CPU.Build.0 = Debug|Any CPU
		{D68AEEF0-5B58-486A-A5CE-8B94F829EBFA}.Release|Any CPU.ActiveCfg = Release|Any CPU
		{D68AEEF0-5B58-486A-A5CE-8B94F829EBFA}.Release|Any CPU.Build.0 = Release|Any CPU
	EndGlobalSection
EndGlobal
